
Microsoft Visual Studio Solution File, Format Version 12.00
# Visual Studio Version 17
VisualStudioVersion = 17.5.33516.290
MinimumVisualStudioVersion = 10.0.40219.1
Project("{FAE04EC0-301F-11D3-BF4B-00C04F79EFBC}") = "MathApp", "MathApp\MathApp.csproj", "{0C838781-1266-4D1A-935E-E07E45587864}"
EndProject
Global
	GlobalSection(SolutionConfigurationPlatforms) = preSolution
		Debug|Any CPU = Debug|Any CPU
		Release|Any CPU = Release|Any CPU
	EndGlobalSection
	GlobalSection(ProjectConfigurationPlatforms) = postSolution
		{0C838781-1266-4D1A-935E-E07E45587864}.Debug|Any CPU.ActiveCfg = Debug|Any CPU
		{0C838781-1266-4D1A-935E-E07E45587864}.Debug|Any CPU.Build.0 = Debug|Any CPU
		{0C838781-1266-4D1A-935E-E07E45587864}.Release|Any CPU.ActiveCfg = Release|Any CPU
		{0C838781-1266-4D1A-935E-E07E45587864}.Release|Any CPU.Build.0 = Release|Any CPU
	EndGlobalSection
	GlobalSection(SolutionProperties) = preSolution
		HideSolutionNode = FALSE
	EndGlobalSection
	GlobalSection(ExtensibilityGlobals) = postSolution
		SolutionGuid = {19114FF3-D006-417C-B19E-2B6BDB5F1FE7}
	EndGlobalSection
EndGlobal
