
Microsoft Visual Studio Solution File, Format Version 12.00
# Visual Studio Version 17
VisualStudioVersion = 17.5.33516.290
MinimumVisualStudioVersion = 10.0.40219.1
Project("{FAE04EC0-301F-11D3-BF4B-00C04F79EFBC}") = "MyFirstAspNet", "MyFirstAspNet\MyFirstAspNet.csproj", "{DB900273-6861-42AC-888D-9C4DC1017C6D}"
EndProject
Global
	GlobalSection(SolutionConfigurationPlatforms) = preSolution
		Debug|Any CPU = Debug|Any CPU
		Release|Any CPU = Release|Any CPU
	EndGlobalSection
	GlobalSection(ProjectConfigurationPlatforms) = postSolution
		{DB900273-6861-42AC-888D-9C4DC1017C6D}.Debug|Any CPU.ActiveCfg = Debug|Any CPU
		{DB900273-6861-42AC-888D-9C4DC1017C6D}.Debug|Any CPU.Build.0 = Debug|Any CPU
		{DB900273-6861-42AC-888D-9C4DC1017C6D}.Release|Any CPU.ActiveCfg = Release|Any CPU
		{DB900273-6861-42AC-888D-9C4DC1017C6D}.Release|Any CPU.Build.0 = Release|Any CPU
	EndGlobalSection
	GlobalSection(SolutionProperties) = preSolution
		HideSolutionNode = FALSE
	EndGlobalSection
	GlobalSection(ExtensibilityGlobals) = postSolution
		SolutionGuid = {127031BF-7A1D-4EDF-981C-B168EEFC957C}
	EndGlobalSection
EndGlobal
